
Microsoft Visual Studio Solution File, Format Version 12.00
# Visual Studio 2012
Project("{FAE04EC0-301F-11D3-BF4B-00C04F79EFBC}") = "NuGetGuidance", "NuGetGuidance\NuGetGuidance.csproj", "{9DDA9A1E-BB41-4D6A-8AF3-82C1E7FC04CE}"
EndProject
Global
	GlobalSection(SolutionConfigurationPlatforms) = preSolution
		Debug|Any CPU = Debug|Any CPU
		Release|Any CPU = Release|Any CPU
	EndGlobalSection
	GlobalSection(ProjectConfigurationPlatforms) = postSolution
		{9DDA9A1E-BB41-4D6A-8AF3-82C1E7FC04CE}.Debug|Any CPU.ActiveCfg = Debug|Any CPU
		{9DDA9A1E-BB41-4D6A-8AF3-82C1E7FC04CE}.Debug|Any CPU.Build.0 = Debug|Any CPU
		{9DDA9A1E-BB41-4D6A-8AF3-82C1E7FC04CE}.Release|Any CPU.ActiveCfg = Release|Any CPU
		{9DDA9A1E-BB41-4D6A-8AF3-82C1E7FC04CE}.Release|Any CPU.Build.0 = Release|Any CPU
	EndGlobalSection
	GlobalSection(SolutionProperties) = preSolution
		HideSolutionNode = FALSE
	EndGlobalSection
EndGlobal
